
Microsoft Visual Studio Solution File, Format Version 12.00
# Visual Studio 15
VisualStudioVersion = 15.0.28307.852
MinimumVisualStudioVersion = 10.0.40219.1
Project("{8BC9CEB8-8B4A-11D0-8D11-00A0C91BC942}") = "Project3", "Project3\Project3.vcxproj", "{9C67A643-797D-4B09-AE6D-30899D0D9E50}"
EndProject
Global
	GlobalSection(SolutionConfigurationPlatforms) = preSolution
		Debug|x64 = Debug|x64
		Debug|x86 = Debug|x86
		Release|x64 = Release|x64
		Release|x86 = Release|x86
	EndGlobalSection
	GlobalSection(ProjectConfigurationPlatforms) = postSolution
		{9C67A643-797D-4B09-AE6D-30899D0D9E50}.Debug|x64.ActiveCfg = Debug|x64
		{9C67A643-797D-4B09-AE6D-30899D0D9E50}.Debug|x64.Build.0 = Debug|x64
		{9C67A643-797D-4B09-AE6D-30899D0D9E50}.Debug|x86.ActiveCfg = Debug|Win32
		{9C67A643-797D-4B09-AE6D-30899D0D9E50}.Debug|x86.Build.0 = Debug|Win32
		{9C67A643-797D-4B09-AE6D-30899D0D9E50}.Release|x64.ActiveCfg = Release|x64
		{9C67A643-797D-4B09-AE6D-30899D0D9E50}.Release|x64.Build.0 = Release|x64
		{9C67A643-797D-4B09-AE6D-30899D0D9E50}.Release|x86.ActiveCfg = Release|Win32
		{9C67A643-797D-4B09-AE6D-30899D0D9E50}.Release|x86.Build.0 = Release|Win32
	EndGlobalSection
	GlobalSection(SolutionProperties) = preSolution
		HideSolutionNode = FALSE
	EndGlobalSection
	GlobalSection(ExtensibilityGlobals) = postSolution
		SolutionGuid = {C7117E4D-07C7-403D-8436-81B8BF0DC5C8}
	EndGlobalSection
EndGlobal
